
Microsoft Visual Studio Solution File, Format Version 12.00
Project("{FAE04EC0-301F-11D3-BF4B-00C04F79EFBC}") = "PageGenerator", "PageGenerator\PageGenerator.csproj", "{5D890EE9-3259-4B4A-B83F-7384BB604EA2}"
EndProject
Project("{FAE04EC0-301F-11D3-BF4B-00C04F79EFBC}") = "CUE4Parse", "CUE4Parse\CUE4Parse\CUE4Parse.csproj", "{D75B0361-C7AA-4E29-8E7D-FD41ACE1B796}"
EndProject
Project("{FAE04EC0-301F-11D3-BF4B-00C04F79EFBC}") = "CUE4Parse-Conversion", "CUE4Parse\CUE4Parse-Conversion\CUE4Parse-Conversion.csproj", "{D1F0DA36-FC9D-4E91-9E3B-8028E64DC1C1}"
EndProject
Global
	GlobalSection(SolutionConfigurationPlatforms) = preSolution
		Debug|Any CPU = Debug|Any CPU
		Release|Any CPU = Release|Any CPU
	EndGlobalSection
	GlobalSection(ProjectConfigurationPlatforms) = postSolution
		{5D890EE9-3259-4B4A-B83F-7384BB604EA2}.Debug|Any CPU.ActiveCfg = Debug|Any CPU
		{5D890EE9-3259-4B4A-B83F-7384BB604EA2}.Debug|Any CPU.Build.0 = Debug|Any CPU
		{5D890EE9-3259-4B4A-B83F-7384BB604EA2}.Release|Any CPU.ActiveCfg = Release|Any CPU
		{5D890EE9-3259-4B4A-B83F-7384BB604EA2}.Release|Any CPU.Build.0 = Release|Any CPU
		{D75B0361-C7AA-4E29-8E7D-FD41ACE1B796}.Debug|Any CPU.ActiveCfg = Debug|Any CPU
		{D75B0361-C7AA-4E29-8E7D-FD41ACE1B796}.Debug|Any CPU.Build.0 = Debug|Any CPU
		{D75B0361-C7AA-4E29-8E7D-FD41ACE1B796}.Release|Any CPU.ActiveCfg = Release|Any CPU
		{D75B0361-C7AA-4E29-8E7D-FD41ACE1B796}.Release|Any CPU.Build.0 = Release|Any CPU
		{D1F0DA36-FC9D-4E91-9E3B-8028E64DC1C1}.Debug|Any CPU.ActiveCfg = Debug|Any CPU
		{D1F0DA36-FC9D-4E91-9E3B-8028E64DC1C1}.Debug|Any CPU.Build.0 = Debug|Any CPU
		{D1F0DA36-FC9D-4E91-9E3B-8028E64DC1C1}.Release|Any CPU.ActiveCfg = Release|Any CPU
		{D1F0DA36-FC9D-4E91-9E3B-8028E64DC1C1}.Release|Any CPU.Build.0 = Release|Any CPU
	EndGlobalSection
EndGlobal
